
Microsoft Visual Studio Solution File, Format Version 12.00
# Visual Studio 14
VisualStudioVersion = 14.0.23107.0
MinimumVisualStudioVersion = 10.0.40219.1
Project("{FAE04EC0-301F-11D3-BF4B-00C04F79EFBC}") = "Tomato.TomatoMusic.Shell", "Tomato.TomatoMusic.Shell\Tomato.TomatoMusic.Shell.csproj", "{D9F0542F-8CF5-4D9D-BF85-783531B98F54}"
EndProject
Project("{FAE04EC0-301F-11D3-BF4B-00C04F79EFBC}") = "Tomato.Uwp.Mvvm", "Tomato.Uwp.Mvvm\Tomato.Uwp.Mvvm.csproj", "{E10050CE-4DEF-4627-BAF2-C396C2CEE6AE}"
EndProject
Project("{FAE04EC0-301F-11D3-BF4B-00C04F79EFBC}") = "Tomato.TomatoMusic.AudioTask", "Tomato.TomatoMusic.AudioTask\Tomato.TomatoMusic.AudioTask.csproj", "{C64A2CDB-DCBE-4F90-95E8-73D59D16EE21}"
EndProject
Project("{FAE04EC0-301F-11D3-BF4B-00C04F79EFBC}") = "Tomato.TomatoMusic.Core", "Tomato.TomatoMusic.Core\Tomato.TomatoMusic.Core.csproj", "{3DCA3F42-22C9-4D8F-9F0C-3853D54B8B32}"
EndProject
Global
	GlobalSection(SolutionConfigurationPlatforms) = preSolution
		Debug|Any CPU = Debug|Any CPU
		Debug|ARM = Debug|ARM
		Debug|x64 = Debug|x64
		Debug|x86 = Debug|x86
		Release|Any CPU = Release|Any CPU
		Release|ARM = Release|ARM
		Release|x64 = Release|x64
		Release|x86 = Release|x86
	EndGlobalSection
	GlobalSection(ProjectConfigurationPlatforms) = postSolution
		{D9F0542F-8CF5-4D9D-BF85-783531B98F54}.Debug|Any CPU.ActiveCfg = Debug|x86
		{D9F0542F-8CF5-4D9D-BF85-783531B98F54}.Debug|ARM.ActiveCfg = Debug|ARM
		{D9F0542F-8CF5-4D9D-BF85-783531B98F54}.Debug|ARM.Build.0 = Debug|ARM
		{D9F0542F-8CF5-4D9D-BF85-783531B98F54}.Debug|ARM.Deploy.0 = Debug|ARM
		{D9F0542F-8CF5-4D9D-BF85-783531B98F54}.Debug|x64.ActiveCfg = Debug|x64
		{D9F0542F-8CF5-4D9D-BF85-783531B98F54}.Debug|x64.Build.0 = Debug|x64
		{D9F0542F-8CF5-4D9D-BF85-783531B98F54}.Debug|x64.Deploy.0 = Debug|x64
		{D9F0542F-8CF5-4D9D-BF85-783531B98F54}.Debug|x86.ActiveCfg = Debug|x86
		{D9F0542F-8CF5-4D9D-BF85-783531B98F54}.Debug|x86.Build.0 = Debug|x86
		{D9F0542F-8CF5-4D9D-BF85-783531B98F54}.Debug|x86.Deploy.0 = Debug|x86
		{D9F0542F-8CF5-4D9D-BF85-783531B98F54}.Release|Any CPU.ActiveCfg = Release|x86
		{D9F0542F-8CF5-4D9D-BF85-783531B98F54}.Release|ARM.ActiveCfg = Release|ARM
		{D9F0542F-8CF5-4D9D-BF85-783531B98F54}.Release|ARM.Build.0 = Release|ARM
		{D9F0542F-8CF5-4D9D-BF85-783531B98F54}.Release|ARM.Deploy.0 = Release|ARM
		{D9F0542F-8CF5-4D9D-BF85-783531B98F54}.Release|x64.ActiveCfg = Release|x64
		{D9F0542F-8CF5-4D9D-BF85-783531B98F54}.Release|x64.Build.0 = Release|x64
		{D9F0542F-8CF5-4D9D-BF85-783531B98F54}.Release|x64.Deploy.0 = Release|x64
		{D9F0542F-8CF5-4D9D-BF85-783531B98F54}.Release|x86.ActiveCfg = Release|x86
		{D9F0542F-8CF5-4D9D-BF85-783531B98F54}.Release|x86.Build.0 = Release|x86
		{D9F0542F-8CF5-4D9D-BF85-783531B98F54}.Release|x86.Deploy.0 = Release|x86
		{E10050CE-4DEF-4627-BAF2-C396C2CEE6AE}.Debug|Any CPU.ActiveCfg = Debug|Any CPU
		{E10050CE-4DEF-4627-BAF2-C396C2CEE6AE}.Debug|Any CPU.Build.0 = Debug|Any CPU
		{E10050CE-4DEF-4627-BAF2-C396C2CEE6AE}.Debug|ARM.ActiveCfg = Debug|ARM
		{E10050CE-4DEF-4627-BAF2-C396C2CEE6AE}.Debug|ARM.Build.0 = Debug|ARM
		{E10050CE-4DEF-4627-BAF2-C396C2CEE6AE}.Debug|x64.ActiveCfg = Debug|x64
		{E10050CE-4DEF-4627-BAF2-C396C2CEE6AE}.Debug|x64.Build.0 = Debug|x64
		{E10050CE-4DEF-4627-BAF2-C396C2CEE6AE}.Debug|x86.ActiveCfg = Debug|x86
		{E10050CE-4DEF-4627-BAF2-C396C2CEE6AE}.Debug|x86.Build.0 = Debug|x86
		{E10050CE-4DEF-4627-BAF2-C396C2CEE6AE}.Release|Any CPU.ActiveCfg = Release|Any CPU
		{E10050CE-4DEF-4627-BAF2-C396C2CEE6AE}.Release|Any CPU.Build.0 = Release|Any CPU
		{E10050CE-4DEF-4627-BAF2-C396C2CEE6AE}.Release|ARM.ActiveCfg = Release|ARM
		{E10050CE-4DEF-4627-BAF2-C396C2CEE6AE}.Release|ARM.Build.0 = Release|ARM
		{E10050CE-4DEF-4627-BAF2-C396C2CEE6AE}.Release|x64.ActiveCfg = Release|x64
		{E10050CE-4DEF-4627-BAF2-C396C2CEE6AE}.Release|x64.Build.0 = Release|x64
		{E10050CE-4DEF-4627-BAF2-C396C2CEE6AE}.Release|x86.ActiveCfg = Release|x86
		{E10050CE-4DEF-4627-BAF2-C396C2CEE6AE}.Release|x86.Build.0 = Release|x86
		{C64A2CDB-DCBE-4F90-95E8-73D59D16EE21}.Debug|Any CPU.ActiveCfg = Debug|Any CPU
		{C64A2CDB-DCBE-4F90-95E8-73D59D16EE21}.Debug|Any CPU.Build.0 = Debug|Any CPU
		{C64A2CDB-DCBE-4F90-95E8-73D59D16EE21}.Debug|ARM.ActiveCfg = Debug|ARM
		{C64A2CDB-DCBE-4F90-95E8-73D59D16EE21}.Debug|ARM.Build.0 = Debug|ARM
		{C64A2CDB-DCBE-4F90-95E8-73D59D16EE21}.Debug|x64.ActiveCfg = Debug|x64
		{C64A2CDB-DCBE-4F90-95E8-73D59D16EE21}.Debug|x64.Build.0 = Debug|x64
		{C64A2CDB-DCBE-4F90-95E8-73D59D16EE21}.Debug|x86.ActiveCfg = Debug|x86
		{C64A2CDB-DCBE-4F90-95E8-73D59D16EE21}.Debug|x86.Build.0 = Debug|x86
		{C64A2CDB-DCBE-4F90-95E8-73D59D16EE21}.Release|Any CPU.ActiveCfg = Release|Any CPU
		{C64A2CDB-DCBE-4F90-95E8-73D59D16EE21}.Release|Any CPU.Build.0 = Release|Any CPU
		{C64A2CDB-DCBE-4F90-95E8-73D59D16EE21}.Release|ARM.ActiveCfg = Release|ARM
		{C64A2CDB-DCBE-4F90-95E8-73D59D16EE21}.Release|ARM.Build.0 = Release|ARM
		{C64A2CDB-DCBE-4F90-95E8-73D59D16EE21}.Release|x64.ActiveCfg = Release|x64
		{C64A2CDB-DCBE-4F90-95E8-73D59D16EE21}.Release|x64.Build.0 = Release|x64
		{C64A2CDB-DCBE-4F90-95E8-73D59D16EE21}.Release|x86.ActiveCfg = Release|x86
		{C64A2CDB-DCBE-4F90-95E8-73D59D16EE21}.Release|x86.Build.0 = Release|x86
		{3DCA3F42-22C9-4D8F-9F0C-3853D54B8B32}.Debug|Any CPU.ActiveCfg = Debug|Any CPU
		{3DCA3F42-22C9-4D8F-9F0C-3853D54B8B32}.Debug|Any CPU.Build.0 = Debug|Any CPU
		{3DCA3F42-22C9-4D8F-9F0C-3853D54B8B32}.Debug|ARM.ActiveCfg = Debug|ARM
		{3DCA3F42-22C9-4D8F-9F0C-3853D54B8B32}.Debug|ARM.Build.0 = Debug|ARM
		{3DCA3F42-22C9-4D8F-9F0C-3853D54B8B32}.Debug|x64.ActiveCfg = Debug|x64
		{3DCA3F42-22C9-4D8F-9F0C-3853D54B8B32}.Debug|x64.Build.0 = Debug|x64
		{3DCA3F42-22C9-4D8F-9F0C-3853D54B8B32}.Debug|x86.ActiveCfg = Debug|x86
		{3DCA3F42-22C9-4D8F-9F0C-3853D54B8B32}.Debug|x86.Build.0 = Debug|x86
		{3DCA3F42-22C9-4D8F-9F0C-3853D54B8B32}.Release|Any CPU.ActiveCfg = Release|Any CPU
		{3DCA3F42-22C9-4D8F-9F0C-3853D54B8B32}.Release|Any CPU.Build.0 = Release|Any CPU
		{3DCA3F42-22C9-4D8F-9F0C-3853D54B8B32}.Release|ARM.ActiveCfg = Release|ARM
		{3DCA3F42-22C9-4D8F-9F0C-3853D54B8B32}.Release|ARM.Build.0 = Release|ARM
		{3DCA3F42-22C9-4D8F-9F0C-3853D54B8B32}.Release|x64.ActiveCfg = Release|x64
		{3DCA3F42-22C9-4D8F-9F0C-3853D54B8B32}.Release|x64.Build.0 = Release|x64
		{3DCA3F42-22C9-4D8F-9F0C-3853D54B8B32}.Release|x86.ActiveCfg = Release|x86
		{3DCA3F42-22C9-4D8F-9F0C-3853D54B8B32}.Release|x86.Build.0 = Release|x86
	EndGlobalSection
	GlobalSection(SolutionProperties) = preSolution
		HideSolutionNode = FALSE
	EndGlobalSection
EndGlobal
